
Microsoft Visual Studio Solution File, Format Version 12.00
# Visual Studio Version 17
VisualStudioVersion = 17.6.33712.159
MinimumVisualStudioVersion = 10.0.40219.1
Project("{9A19103F-16F7-4668-BE54-9A1E7A4F7556}") = "Proprette.API", "API\Proprette.API.csproj", "{2FFD9FB8-950E-46F7-855F-64575BAC9415}"
EndProject
Project("{9A19103F-16F7-4668-BE54-9A1E7A4F7556}") = "Proprette.Domain", "Domain\Proprette.Domain.csproj", "{866C3B98-E093-4CD8-944A-F5D9C384D395}"
EndProject
Project("{9A19103F-16F7-4668-BE54-9A1E7A4F7556}") = "Proprette.Infrastructure", "Infrastructure\Proprette.Infrastructure.csproj", "{4AD831CF-0211-413B-9B6F-E637B550B8C1}"
EndProject
Project("{2150E333-8FDC-42A3-9474-1A3956D46DE8}") = "Solution Items", "Solution Items", "{B189AED5-67B1-4BDB-BF13-51F15F96D08D}"
	ProjectSection(SolutionItems) = preProject
		Dockerfile = Dockerfile
		run_bundle.sh = run_bundle.sh
	EndProjectSection
EndProject
Project("{9A19103F-16F7-4668-BE54-9A1E7A4F7556}") = "Proprette.NewDomain", "NewDomain\Proprette.NewDomain.csproj", "{111B599D-C261-4D50-8564-AFBFB8AC81F3}"
EndProject
Project("{9A19103F-16F7-4668-BE54-9A1E7A4F7556}") = "Proprette.DataSeeding", "DataSeeding\Proprette.DataSeeding.csproj", "{D08190A6-4254-4D81-935F-1554FA5BFB82}"
EndProject
Global
	GlobalSection(SolutionConfigurationPlatforms) = preSolution
		Debug|Any CPU = Debug|Any CPU
		Release|Any CPU = Release|Any CPU
	EndGlobalSection
	GlobalSection(ProjectConfigurationPlatforms) = postSolution
		{2FFD9FB8-950E-46F7-855F-64575BAC9415}.Debug|Any CPU.ActiveCfg = Debug|Any CPU
		{2FFD9FB8-950E-46F7-855F-64575BAC9415}.Debug|Any CPU.Build.0 = Debug|Any CPU
		{2FFD9FB8-950E-46F7-855F-64575BAC9415}.Release|Any CPU.ActiveCfg = Release|Any CPU
		{2FFD9FB8-950E-46F7-855F-64575BAC9415}.Release|Any CPU.Build.0 = Release|Any CPU
		{866C3B98-E093-4CD8-944A-F5D9C384D395}.Debug|Any CPU.ActiveCfg = Debug|Any CPU
		{866C3B98-E093-4CD8-944A-F5D9C384D395}.Debug|Any CPU.Build.0 = Debug|Any CPU
		{866C3B98-E093-4CD8-944A-F5D9C384D395}.Release|Any CPU.ActiveCfg = Release|Any CPU
		{866C3B98-E093-4CD8-944A-F5D9C384D395}.Release|Any CPU.Build.0 = Release|Any CPU
		{4AD831CF-0211-413B-9B6F-E637B550B8C1}.Debug|Any CPU.ActiveCfg = Debug|Any CPU
		{4AD831CF-0211-413B-9B6F-E637B550B8C1}.Debug|Any CPU.Build.0 = Debug|Any CPU
		{4AD831CF-0211-413B-9B6F-E637B550B8C1}.Release|Any CPU.ActiveCfg = Release|Any CPU
		{4AD831CF-0211-413B-9B6F-E637B550B8C1}.Release|Any CPU.Build.0 = Release|Any CPU
		{111B599D-C261-4D50-8564-AFBFB8AC81F3}.Debug|Any CPU.ActiveCfg = Debug|Any CPU
		{111B599D-C261-4D50-8564-AFBFB8AC81F3}.Debug|Any CPU.Build.0 = Debug|Any CPU
		{111B599D-C261-4D50-8564-AFBFB8AC81F3}.Release|Any CPU.ActiveCfg = Release|Any CPU
		{111B599D-C261-4D50-8564-AFBFB8AC81F3}.Release|Any CPU.Build.0 = Release|Any CPU
		{D08190A6-4254-4D81-935F-1554FA5BFB82}.Debug|Any CPU.ActiveCfg = Debug|Any CPU
		{D08190A6-4254-4D81-935F-1554FA5BFB82}.Debug|Any CPU.Build.0 = Debug|Any CPU
		{D08190A6-4254-4D81-935F-1554FA5BFB82}.Release|Any CPU.ActiveCfg = Release|Any CPU
		{D08190A6-4254-4D81-935F-1554FA5BFB82}.Release|Any CPU.Build.0 = Release|Any CPU
	EndGlobalSection
	GlobalSection(SolutionProperties) = preSolution
		HideSolutionNode = FALSE
	EndGlobalSection
	GlobalSection(ExtensibilityGlobals) = postSolution
		SolutionGuid = {520E0213-A321-494B-8BDD-8526B8E6192A}
	EndGlobalSection
EndGlobal
